// !$*UTF8*$!
{
	archiveVersion = 1;
	classes = {
	};
	objectVersion = 50;
	objects = {

/* Begin PBXBuildFile section */
		A7B1E16E211A881E005FC452 /* AppDelegate.swift in Sources */ = {isa = PBXBuildFile; fileRef = A7B1E16D211A881E005FC452 /* AppDelegate.swift */; };
		A7B1E170211A881E005FC452 /* WeatherViewController.swift in Sources */ = {isa = PBXBuildFile; fileRef = A7B1E16F211A881E005FC452 /* WeatherViewController.swift */; };
		A7B1E173211A881E005FC452 /* Main.storyboard in Resources */ = {isa = PBXBuildFile; fileRef = A7B1E171211A881E005FC452 /* Main.storyboard */; };
		A7B1E175211A881E005FC452 /* Assets.xcassets in Resources */ = {isa = PBXBuildFile; fileRef = A7B1E174211A881E005FC452 /* Assets.xcassets */; };
		A7B1E178211A881E005FC452 /* LaunchScreen.storyboard in Resources */ = {isa = PBXBuildFile; fileRef = A7B1E176211A881E005FC452 /* LaunchScreen.storyboard */; };
		A7B1E181211A8A2B005FC452 /* Secrets.swift in Sources */ = {isa = PBXBuildFile; fileRef = A7B1E180211A8A2B005FC452 /* Secrets.swift */; };
		A7B1E183211A8AE8005FC452 /* AerisAPIClient.swift in Sources */ = {isa = PBXBuildFile; fileRef = A7B1E182211A8AE8005FC452 /* AerisAPIClient.swift */; };
		A7B1E185211A92C7005FC452 /* WeatherInfo.swift in Sources */ = {isa = PBXBuildFile; fileRef = A7B1E184211A92C7005FC452 /* WeatherInfo.swift */; };
		A7B1E187211A9435005FC452 /* Worker.swift in Sources */ = {isa = PBXBuildFile; fileRef = A7B1E186211A9435005FC452 /* Worker.swift */; };
		A7B1E189211AA8BD005FC452 /* WeatherCollectionViewCell.swift in Sources */ = {isa = PBXBuildFile; fileRef = A7B1E188211AA8BD005FC452 /* WeatherCollectionViewCell.swift */; };
		A7B1E18F211AAA30005FC452 /* SFCompactDisplay-Medium.otf in Resources */ = {isa = PBXBuildFile; fileRef = A7B1E18B211AA9E5005FC452 /* SFCompactDisplay-Medium.otf */; };
		A7B1E190211AAA30005FC452 /* SFCompactDisplay-Semibold.otf in Resources */ = {isa = PBXBuildFile; fileRef = A7B1E18D211AA9E5005FC452 /* SFCompactDisplay-Semibold.otf */; };
		A7B1E191211AAA30005FC452 /* SFCompactText-Medium.otf in Resources */ = {isa = PBXBuildFile; fileRef = A7B1E18E211AA9E5005FC452 /* SFCompactText-Medium.otf */; };
		A7B1E192211AAA30005FC452 /* SFCompactText-Semibold.otf in Resources */ = {isa = PBXBuildFile; fileRef = A7B1E18C211AA9E5005FC452 /* SFCompactText-Semibold.otf */; };
		A7E05172211AB22B009C547C /* SFCompactDisplay-Light.otf in Resources */ = {isa = PBXBuildFile; fileRef = A7E05171211AB200009C547C /* SFCompactDisplay-Light.otf */; };
		A7E05173211AB22B009C547C /* SFCompactDisplay-Regular.otf in Resources */ = {isa = PBXBuildFile; fileRef = A7E05170211AB200009C547C /* SFCompactDisplay-Regular.otf */; };
/* End PBXBuildFile section */

/* Begin PBXFileReference section */
		A7B1E16A211A881E005FC452 /* WeatherApp.app */ = {isa = PBXFileReference; explicitFileType = wrapper.application; includeInIndex = 0; path = WeatherApp.app; sourceTree = BUILT_PRODUCTS_DIR; };
		A7B1E16D211A881E005FC452 /* AppDelegate.swift */ = {isa = PBXFileReference; lastKnownFileType = sourcecode.swift; path = AppDelegate.swift; sourceTree = "<group>"; };
		A7B1E16F211A881E005FC452 /* WeatherViewController.swift */ = {isa = PBXFileReference; lastKnownFileType = sourcecode.swift; path = WeatherViewController.swift; sourceTree = "<group>"; };
		A7B1E172211A881E005FC452 /* Base */ = {isa = PBXFileReference; lastKnownFileType = file.storyboard; name = Base; path = Base.lproj/Main.storyboard; sourceTree = "<group>"; };
		A7B1E174211A881E005FC452 /* Assets.xcassets */ = {isa = PBXFileReference; lastKnownFileType = folder.assetcatalog; path = Assets.xcassets; sourceTree = "<group>"; };
		A7B1E177211A881E005FC452 /* Base */ = {isa = PBXFileReference; lastKnownFileType = file.storyboard; name = Base; path = Base.lproj/LaunchScreen.storyboard; sourceTree = "<group>"; };
		A7B1E179211A881E005FC452 /* Info.plist */ = {isa = PBXFileReference; lastKnownFileType = text.plist.xml; path = Info.plist; sourceTree = "<group>"; };
		A7B1E180211A8A2B005FC452 /* Secrets.swift */ = {isa = PBXFileReference; lastKnownFileType = sourcecode.swift; path = Secrets.swift; sourceTree = "<group>"; };
		A7B1E182211A8AE8005FC452 /* AerisAPIClient.swift */ = {isa = PBXFileReference; lastKnownFileType = sourcecode.swift; path = AerisAPIClient.swift; sourceTree = "<group>"; };
		A7B1E184211A92C7005FC452 /* WeatherInfo.swift */ = {isa = PBXFileReference; lastKnownFileType = sourcecode.swift; path = WeatherInfo.swift; sourceTree = "<group>"; };
		A7B1E186211A9435005FC452 /* Worker.swift */ = {isa = PBXFileReference; lastKnownFileType = sourcecode.swift; path = Worker.swift; sourceTree = "<group>"; };
		A7B1E188211AA8BD005FC452 /* WeatherCollectionViewCell.swift */ = {isa = PBXFileReference; lastKnownFileType = sourcecode.swift; path = WeatherCollectionViewCell.swift; sourceTree = "<group>"; };
		A7B1E18B211AA9E5005FC452 /* SFCompactDisplay-Medium.otf */ = {isa = PBXFileReference; lastKnownFileType = file; path = "SFCompactDisplay-Medium.otf"; sourceTree = "<group>"; };
		A7B1E18C211AA9E5005FC452 /* SFCompactText-Semibold.otf */ = {isa = PBXFileReference; lastKnownFileType = file; path = "SFCompactText-Semibold.otf"; sourceTree = "<group>"; };
		A7B1E18D211AA9E5005FC452 /* SFCompactDisplay-Semibold.otf */ = {isa = PBXFileReference; lastKnownFileType = file; path = "SFCompactDisplay-Semibold.otf"; sourceTree = "<group>"; };
		A7B1E18E211AA9E5005FC452 /* SFCompactText-Medium.otf */ = {isa = PBXFileReference; lastKnownFileType = file; path = "SFCompactText-Medium.otf"; sourceTree = "<group>"; };
		A7E05170211AB200009C547C /* SFCompactDisplay-Regular.otf */ = {isa = PBXFileReference; lastKnownFileType = file; path = "SFCompactDisplay-Regular.otf"; sourceTree = "<group>"; };
		A7E05171211AB200009C547C /* SFCompactDisplay-Light.otf */ = {isa = PBXFileReference; lastKnownFileType = file; path = "SFCompactDisplay-Light.otf"; sourceTree = "<group>"; };
/* End PBXFileReference section */

/* Begin PBXFrameworksBuildPhase section */
		A7B1E167211A881E005FC452 /* Frameworks */ = {
			isa = PBXFrameworksBuildPhase;
			buildActionMask = 2147483647;
			files = (
			);
			runOnlyForDeploymentPostprocessing = 0;
		};
/* End PBXFrameworksBuildPhase section */

/* Begin PBXGroup section */
		A7B1E161211A881E005FC452 = {
			isa = PBXGroup;
			children = (
				A7B1E16C211A881E005FC452 /* WeatherApp */,
				A7B1E16B211A881E005FC452 /* Products */,
			);
			sourceTree = "<group>";
		};
		A7B1E16B211A881E005FC452 /* Products */ = {
			isa = PBXGroup;
			children = (
				A7B1E16A211A881E005FC452 /* WeatherApp.app */,
			);
			name = Products;
			sourceTree = "<group>";
		};
		A7B1E16C211A881E005FC452 /* WeatherApp */ = {
			isa = PBXGroup;
			children = (
				A7B1E182211A8AE8005FC452 /* AerisAPIClient.swift */,
				A7B1E16F211A881E005FC452 /* WeatherViewController.swift */,
				A7B1E180211A8A2B005FC452 /* Secrets.swift */,
				A7B1E184211A92C7005FC452 /* WeatherInfo.swift */,
				A7B1E186211A9435005FC452 /* Worker.swift */,
				A7B1E188211AA8BD005FC452 /* WeatherCollectionViewCell.swift */,
				A7B1E179211A881E005FC452 /* Info.plist */,
				A7B1E17F211A882D005FC452 /* Supporting Files */,
			);
			path = WeatherApp;
			sourceTree = "<group>";
		};
		A7B1E17F211A882D005FC452 /* Supporting Files */ = {
			isa = PBXGroup;
			children = (
				A7B1E18A211AA9CF005FC452 /* Fonts */,
				A7B1E171211A881E005FC452 /* Main.storyboard */,
				A7B1E16D211A881E005FC452 /* AppDelegate.swift */,
				A7B1E174211A881E005FC452 /* Assets.xcassets */,
				A7B1E176211A881E005FC452 /* LaunchScreen.storyboard */,
			);
			path = "Supporting Files";
			sourceTree = "<group>";
		};
		A7B1E18A211AA9CF005FC452 /* Fonts */ = {
			isa = PBXGroup;
			children = (
				A7E05171211AB200009C547C /* SFCompactDisplay-Light.otf */,
				A7E05170211AB200009C547C /* SFCompactDisplay-Regular.otf */,
				A7B1E18B211AA9E5005FC452 /* SFCompactDisplay-Medium.otf */,
				A7B1E18D211AA9E5005FC452 /* SFCompactDisplay-Semibold.otf */,
				A7B1E18E211AA9E5005FC452 /* SFCompactText-Medium.otf */,
				A7B1E18C211AA9E5005FC452 /* SFCompactText-Semibold.otf */,
			);
			path = Fonts;
			sourceTree = "<group>";
		};
/* End PBXGroup section */

/* Begin PBXNativeTarget section */
		A7B1E169211A881E005FC452 /* WeatherApp */ = {
			isa = PBXNativeTarget;
			buildConfigurationList = A7B1E17C211A881E005FC452 /* Build configuration list for PBXNativeTarget "WeatherApp" */;
			buildPhases = (
				A7B1E166211A881E005FC452 /* Sources */,
				A7B1E167211A881E005FC452 /* Frameworks */,
				A7B1E168211A881E005FC452 /* Resources */,
			);
			buildRules = (
			);
			dependencies = (
			);
			name = WeatherApp;
			productName = WeatherApp;
			productReference = A7B1E16A211A881E005FC452 /* WeatherApp.app */;
			productType = "com.apple.product-type.application";
		};
/* End PBXNativeTarget section */

/* Begin PBXProject section */
		A7B1E162211A881E005FC452 /* Project object */ = {
			isa = PBXProject;
			attributes = {
				LastSwiftUpdateCheck = 0940;
				LastUpgradeCheck = 0940;
				ORGANIZATIONNAME = "Appr1sing Studios";
				TargetAttributes = {
					A7B1E169211A881E005FC452 = {
						CreatedOnToolsVersion = 9.4.1;
					};
				};
			};
			buildConfigurationList = A7B1E165211A881E005FC452 /* Build configuration list for PBXProject "WeatherApp" */;
			compatibilityVersion = "Xcode 9.3";
			developmentRegion = en;
			hasScannedForEncodings = 0;
			knownRegions = (
				en,
				Base,
			);
			mainGroup = A7B1E161211A881E005FC452;
			productRefGroup = A7B1E16B211A881E005FC452 /* Products */;
			projectDirPath = "";
			projectRoot = "";
			targets = (
				A7B1E169211A881E005FC452 /* WeatherApp */,
			);
		};
/* End PBXProject section */

/* Begin PBXResourcesBuildPhase section */
		A7B1E168211A881E005FC452 /* Resources */ = {
			isa = PBXResourcesBuildPhase;
			buildActionMask = 2147483647;
			files = (
				A7E05172211AB22B009C547C /* SFCompactDisplay-Light.otf in Resources */,
				A7E05173211AB22B009C547C /* SFCompactDisplay-Regular.otf in Resources */,
				A7B1E18F211AAA30005FC452 /* SFCompactDisplay-Medium.otf in Resources */,
				A7B1E190211AAA30005FC452 /* SFCompactDisplay-Semibold.otf in Resources */,
				A7B1E191211AAA30005FC452 /* SFCompactText-Medium.otf in Resources */,
				A7B1E192211AAA30005FC452 /* SFCompactText-Semibold.otf in Resources */,
				A7B1E178211A881E005FC452 /* LaunchScreen.storyboard in Resources */,
				A7B1E175211A881E005FC452 /* Assets.xcassets in Resources */,
				A7B1E173211A881E005FC452 /* Main.storyboard in Resources */,
			);
			runOnlyForDeploymentPostprocessing = 0;
		};
/* End PBXResourcesBuildPhase section */

/* Begin PBXSourcesBuildPhase section */
		A7B1E166211A881E005FC452 /* Sources */ = {
			isa = PBXSourcesBuildPhase;
			buildActionMask = 2147483647;
			files = (
				A7B1E183211A8AE8005FC452 /* AerisAPIClient.swift in Sources */,
				A7B1E170211A881E005FC452 /* WeatherViewController.swift in Sources */,
				A7B1E187211A9435005FC452 /* Worker.swift in Sources */,
				A7B1E181211A8A2B005FC452 /* Secrets.swift in Sources */,
				A7B1E185211A92C7005FC452 /* WeatherInfo.swift in Sources */,
				A7B1E16E211A881E005FC452 /* AppDelegate.swift in Sources */,
				A7B1E189211AA8BD005FC452 /* WeatherCollectionViewCell.swift in Sources */,
			);
			runOnlyForDeploymentPostprocessing = 0;
		};
/* End PBXSourcesBuildPhase section */

/* Begin PBXVariantGroup section */
		A7B1E171211A881E005FC452 /* Main.storyboard */ = {
			isa = PBXVariantGroup;
			children = (
				A7B1E172211A881E005FC452 /* Base */,
			);
			name = Main.storyboard;
			sourceTree = "<group>";
		};
		A7B1E176211A881E005FC452 /* LaunchScreen.storyboard */ = {
			isa = PBXVariantGroup;
			children = (
				A7B1E177211A881E005FC452 /* Base */,
			);
			name = LaunchScreen.storyboard;
			sourceTree = "<group>";
		};
/* End PBXVariantGroup section */

/* Begin XCBuildConfiguration section */
		A7B1E17A211A881E005FC452 /* Debug */ = {
			isa = XCBuildConfiguration;
			buildSettings = {
				ALWAYS_SEARCH_USER_PATHS = NO;
				CLANG_ANALYZER_NONNULL = YES;
				CLANG_ANALYZER_NUMBER_OBJECT_CONVERSION = YES_AGGRESSIVE;
				CLANG_CXX_LANGUAGE_STANDARD = "gnu++14";
				CLANG_CXX_LIBRARY = "libc++";
				CLANG_ENABLE_MODULES = YES;
				CLANG_ENABLE_OBJC_ARC = YES;
				CLANG_ENABLE_OBJC_WEAK = YES;
				CLANG_WARN_BLOCK_CAPTURE_AUTORELEASING = YES;
				CLANG_WARN_BOOL_CONVERSION = YES;
				CLANG_WARN_COMMA = YES;
				CLANG_WARN_CONSTANT_CONVERSION = YES;
				CLANG_WARN_DEPRECATED_OBJC_IMPLEMENTATIONS = YES;
				CLANG_WARN_DIRECT_OBJC_ISA_USAGE = YES_ERROR;
				CLANG_WARN_DOCUMENTATION_COMMENTS = YES;
				CLANG_WARN_EMPTY_BODY = YES;
				CLANG_WARN_ENUM_CONVERSION = YES;
				CLANG_WARN_INFINITE_RECURSION = YES;
				CLANG_WARN_INT_CONVERSION = YES;
				CLANG_WARN_NON_LITERAL_NULL_CONVERSION = YES;
				CLANG_WARN_OBJC_IMPLICIT_RETAIN_SELF = YES;
				CLANG_WARN_OBJC_LITERAL_CONVERSION = YES;
				CLANG_WARN_OBJC_ROOT_CLASS = YES_ERROR;
				CLANG_WARN_RANGE_LOOP_ANALYSIS = YES;
				CLANG_WARN_STRICT_PROTOTYPES = YES;
				CLANG_WARN_SUSPICIOUS_MOVE = YES;
				CLANG_WARN_UNGUARDED_AVAILABILITY = YES_AGGRESSIVE;
				CLANG_WARN_UNREACHABLE_CODE = YES;
				CLANG_WARN__DUPLICATE_METHOD_MATCH = YES;
				CODE_SIGN_IDENTITY = "iPhone Developer";
				COPY_PHASE_STRIP = NO;
				DEBUG_INFORMATION_FORMAT = dwarf;
				ENABLE_STRICT_OBJC_MSGSEND = YES;
				ENABLE_TESTABILITY = YES;
				GCC_C_LANGUAGE_STANDARD = gnu11;
				GCC_DYNAMIC_NO_PIC = NO;
				GCC_NO_COMMON_BLOCKS = YES;
				GCC_OPTIMIZATION_LEVEL = 0;
				GCC_PREPROCESSOR_DEFINITIONS = (
					"DEBUG=1",
					"$(inherited)",
				);
				GCC_WARN_64_TO_32_BIT_CONVERSION = YES;
				GCC_WARN_ABOUT_RETURN_TYPE = YES_ERROR;
				GCC_WARN_UNDECLARED_SELECTOR = YES;
				GCC_WARN_UNINITIALIZED_AUTOS = YES_AGGRESSIVE;
				GCC_WARN_UNUSED_FUNCTION = YES;
				GCC_WARN_UNUSED_VARIABLE = YES;
				IPHONEOS_DEPLOYMENT_TARGET = 11.4;
				MTL_ENABLE_DEBUG_INFO = YES;
				ONLY_ACTIVE_ARCH = YES;
				SDKROOT = iphoneos;
				SWIFT_ACTIVE_COMPILATION_CONDITIONS = DEBUG;
				SWIFT_OPTIMIZATION_LEVEL = "-Onone";
			};
			name = Debug;
		};
		A7B1E17B211A881E005FC452 /* Release */ = {
			isa = XCBuildConfiguration;
			buildSettings = {
				ALWAYS_SEARCH_USER_PATHS = NO;
				CLANG_ANALYZER_NONNULL = YES;
				CLANG_ANALYZER_NUMBER_OBJECT_CONVERSION = YES_AGGRESSIVE;
				CLANG_CXX_LANGUAGE_STANDARD = "gnu++14";
				CLANG_CXX_LIBRARY = "libc++";
				CLANG_ENABLE_MODULES = YES;
				CLANG_ENABLE_OBJC_ARC = YES;
				CLANG_ENABLE_OBJC_WEAK = YES;
				CLANG_WARN_BLOCK_CAPTURE_AUTORELEASING = YES;
				CLANG_WARN_BOOL_CONVERSION = YES;
				CLANG_WARN_COMMA = YES;
				CLANG_WARN_CONSTANT_CONVERSION = YES;
				CLANG_WARN_DEPRECATED_OBJC_IMPLEMENTATIONS = YES;
				CLANG_WARN_DIRECT_OBJC_ISA_USAGE = YES_ERROR;
				CLANG_WARN_DOCUMENTATION_COMMENTS = YES;
				CLANG_WARN_EMPTY_BODY = YES;
				CLANG_WARN_ENUM_CONVERSION = YES;
				CLANG_WARN_INFINITE_RECURSION = YES;
				CLANG_WARN_INT_CONVERSION = YES;
				CLANG_WARN_NON_LITERAL_NULL_CONVERSION = YES;
				CLANG_WARN_OBJC_IMPLICIT_RETAIN_SELF = YES;
				CLANG_WARN_OBJC_LITERAL_CONVERSION = YES;
				CLANG_WARN_OBJC_ROOT_CLASS = YES_ERROR;
				CLANG_WARN_RANGE_LOOP_ANALYSIS = YES;
				CLANG_WARN_STRICT_PROTOTYPES = YES;
				CLANG_WARN_SUSPICIOUS_MOVE = YES;
				CLANG_WARN_UNGUARDED_AVAILABILITY = YES_AGGRESSIVE;
				CLANG_WARN_UNREACHABLE_CODE = YES;
				CLANG_WARN__DUPLICATE_METHOD_MATCH = YES;
				CODE_SIGN_IDENTITY = "iPhone Developer";
				COPY_PHASE_STRIP = NO;
				DEBUG_INFORMATION_FORMAT = "dwarf-with-dsym";
				ENABLE_NS_ASSERTIONS = NO;
				ENABLE_STRICT_OBJC_MSGSEND = YES;
				GCC_C_LANGUAGE_STANDARD = gnu11;
				GCC_NO_COMMON_BLOCKS = YES;
				GCC_WARN_64_TO_32_BIT_CONVERSION = YES;
				GCC_WARN_ABOUT_RETURN_TYPE = YES_ERROR;
				GCC_WARN_UNDECLARED_SELECTOR = YES;
				GCC_WARN_UNINITIALIZED_AUTOS = YES_AGGRESSIVE;
				GCC_WARN_UNUSED_FUNCTION = YES;
				GCC_WARN_UNUSED_VARIABLE = YES;
				IPHONEOS_DEPLOYMENT_TARGET = 11.4;
				MTL_ENABLE_DEBUG_INFO = NO;
				SDKROOT = iphoneos;
				SWIFT_COMPILATION_MODE = wholemodule;
				SWIFT_OPTIMIZATION_LEVEL = "-O";
				VALIDATE_PRODUCT = YES;
			};
			name = Release;
		};
		A7B1E17D211A881E005FC452 /* Debug */ = {
			isa = XCBuildConfiguration;
			buildSettings = {
				ASSETCATALOG_COMPILER_APPICON_NAME = AppIcon;
				CODE_SIGN_STYLE = Automatic;
				DEVELOPMENT_TEAM = CJ24M7DKLZ;
				INFOPLIST_FILE = WeatherApp/Info.plist;
				LD_RUNPATH_SEARCH_PATHS = (
					"$(inherited)",
					"@executable_path/Frameworks",
				);
				PRODUCT_BUNDLE_IDENTIFIER = com.AppRising.WeatherApp;
				PRODUCT_NAME = "$(TARGET_NAME)";
				SWIFT_VERSION = 4.0;
				TARGETED_DEVICE_FAMILY = "1,2";
			};
			name = Debug;
		};
		A7B1E17E211A881E005FC452 /* Release */ = {
			isa = XCBuildConfiguration;
			buildSettings = {
				ASSETCATALOG_COMPILER_APPICON_NAME = AppIcon;
				CODE_SIGN_STYLE = Automatic;
				DEVELOPMENT_TEAM = CJ24M7DKLZ;
				INFOPLIST_FILE = WeatherApp/Info.plist;
				LD_RUNPATH_SEARCH_PATHS = (
					"$(inherited)",
					"@executable_path/Frameworks",
				);
				PRODUCT_BUNDLE_IDENTIFIER = com.AppRising.WeatherApp;
				PRODUCT_NAME = "$(TARGET_NAME)";
				SWIFT_VERSION = 4.0;
				TARGETED_DEVICE_FAMILY = "1,2";
			};
			name = Release;
		};
/* End XCBuildConfiguration section */

/* Begin XCConfigurationList section */
		A7B1E165211A881E005FC452 /* Build configuration list for PBXProject "WeatherApp" */ = {
			isa = XCConfigurationList;
			buildConfigurations = (
				A7B1E17A211A881E005FC452 /* Debug */,
				A7B1E17B211A881E005FC452 /* Release */,
			);
			defaultConfigurationIsVisible = 0;
			defaultConfigurationName = Release;
		};
		A7B1E17C211A881E005FC452 /* Build configuration list for PBXNativeTarget "WeatherApp" */ = {
			isa = XCConfigurationList;
			buildConfigurations = (
				A7B1E17D211A881E005FC452 /* Debug */,
				A7B1E17E211A881E005FC452 /* Release */,
			);
			defaultConfigurationIsVisible = 0;
			defaultConfigurationName = Release;
		};
/* End XCConfigurationList section */
	};
	rootObject = A7B1E162211A881E005FC452 /* Project object */;
}
